
Microsoft Visual Studio Solution File, Format Version 12.00
# Visual Studio Version 17
VisualStudioVersion = 17.11.35312.102
MinimumVisualStudioVersion = 10.0.40219.1
Project("{FAE04EC0-301F-11D3-BF4B-00C04F79EFBC}") = "UI", "UI\UI.csproj", "{3ECC463B-3D15-4861-96EC-8627A1310697}"
EndProject
Project("{FAE04EC0-301F-11D3-BF4B-00C04F79EFBC}") = "DAL", "DAL\DAL.csproj", "{CD2A86FE-92DD-4DCE-AD8F-F8801781E708}"
EndProject
Project("{FAE04EC0-301F-11D3-BF4B-00C04F79EFBC}") = "BE", "BE\BE.csproj", "{D6CA5B28-AC69-4EEE-8D70-98E50B02DA07}"
EndProject
Project("{FAE04EC0-301F-11D3-BF4B-00C04F79EFBC}") = "BLL", "BLL\BLL.csproj", "{B01F5520-3D9D-4D3C-8E91-5145B34DB8F6}"
EndProject
Project("{FAE04EC0-301F-11D3-BF4B-00C04F79EFBC}") = "Abstraccion", "Abstraccion\Abstraccion.csproj", "{DE46B8A7-766C-4E70-A50D-F230B52387A4}"
EndProject
Project("{FAE04EC0-301F-11D3-BF4B-00C04F79EFBC}") = "Servicios", "Servicios\Servicios.csproj", "{1C457B1F-E718-4142-ADD7-BB0D2EB97969}"
EndProject
Global
	GlobalSection(SolutionConfigurationPlatforms) = preSolution
		Debug|Any CPU = Debug|Any CPU
		Release|Any CPU = Release|Any CPU
	EndGlobalSection
	GlobalSection(ProjectConfigurationPlatforms) = postSolution
		{3ECC463B-3D15-4861-96EC-8627A1310697}.Debug|Any CPU.ActiveCfg = Debug|Any CPU
		{3ECC463B-3D15-4861-96EC-8627A1310697}.Debug|Any CPU.Build.0 = Debug|Any CPU
		{3ECC463B-3D15-4861-96EC-8627A1310697}.Release|Any CPU.ActiveCfg = Release|Any CPU
		{3ECC463B-3D15-4861-96EC-8627A1310697}.Release|Any CPU.Build.0 = Release|Any CPU
		{CD2A86FE-92DD-4DCE-AD8F-F8801781E708}.Debug|Any CPU.ActiveCfg = Debug|Any CPU
		{CD2A86FE-92DD-4DCE-AD8F-F8801781E708}.Debug|Any CPU.Build.0 = Debug|Any CPU
		{CD2A86FE-92DD-4DCE-AD8F-F8801781E708}.Release|Any CPU.ActiveCfg = Release|Any CPU
		{CD2A86FE-92DD-4DCE-AD8F-F8801781E708}.Release|Any CPU.Build.0 = Release|Any CPU
		{D6CA5B28-AC69-4EEE-8D70-98E50B02DA07}.Debug|Any CPU.ActiveCfg = Debug|Any CPU
		{D6CA5B28-AC69-4EEE-8D70-98E50B02DA07}.Debug|Any CPU.Build.0 = Debug|Any CPU
		{D6CA5B28-AC69-4EEE-8D70-98E50B02DA07}.Release|Any CPU.ActiveCfg = Release|Any CPU
		{D6CA5B28-AC69-4EEE-8D70-98E50B02DA07}.Release|Any CPU.Build.0 = Release|Any CPU
		{B01F5520-3D9D-4D3C-8E91-5145B34DB8F6}.Debug|Any CPU.ActiveCfg = Debug|Any CPU
		{B01F5520-3D9D-4D3C-8E91-5145B34DB8F6}.Debug|Any CPU.Build.0 = Debug|Any CPU
		{B01F5520-3D9D-4D3C-8E91-5145B34DB8F6}.Release|Any CPU.ActiveCfg = Release|Any CPU
		{B01F5520-3D9D-4D3C-8E91-5145B34DB8F6}.Release|Any CPU.Build.0 = Release|Any CPU
		{DE46B8A7-766C-4E70-A50D-F230B52387A4}.Debug|Any CPU.ActiveCfg = Debug|Any CPU
		{DE46B8A7-766C-4E70-A50D-F230B52387A4}.Debug|Any CPU.Build.0 = Debug|Any CPU
		{DE46B8A7-766C-4E70-A50D-F230B52387A4}.Release|Any CPU.ActiveCfg = Release|Any CPU
		{DE46B8A7-766C-4E70-A50D-F230B52387A4}.Release|Any CPU.Build.0 = Release|Any CPU
		{1C457B1F-E718-4142-ADD7-BB0D2EB97969}.Debug|Any CPU.ActiveCfg = Debug|Any CPU
		{1C457B1F-E718-4142-ADD7-BB0D2EB97969}.Debug|Any CPU.Build.0 = Debug|Any CPU
		{1C457B1F-E718-4142-ADD7-BB0D2EB97969}.Release|Any CPU.ActiveCfg = Release|Any CPU
		{1C457B1F-E718-4142-ADD7-BB0D2EB97969}.Release|Any CPU.Build.0 = Release|Any CPU
	EndGlobalSection
	GlobalSection(SolutionProperties) = preSolution
		HideSolutionNode = FALSE
	EndGlobalSection
	GlobalSection(ExtensibilityGlobals) = postSolution
		SolutionGuid = {95C5B3AC-0EA8-447C-9296-3A447ED06453}
	EndGlobalSection
EndGlobal
